
Microsoft Visual Studio Solution File, Format Version 12.00
# Visual Studio Version 16
VisualStudioVersion = 16.0.808.4
MinimumVisualStudioVersion = 10.0.40219.1
Project("{2150E333-8FDC-42A3-9474-1A3956D46DE8}") = "src", "src", "{88C0F031-DE6D-4B2F-AC88-5B1850BC2DE3}"
EndProject
Project("{FAE04EC0-301F-11D3-BF4B-00C04F79EFBC}") = "PingboardApiClient", "src\PingboardApiClient\PingboardApiClient.csproj", "{EDBE5FC1-8C0B-4B12-A1BB-310EEB8E07A3}"
EndProject
Global
	GlobalSection(SolutionConfigurationPlatforms) = preSolution
		Debug|Any CPU = Debug|Any CPU
		Release|Any CPU = Release|Any CPU
	EndGlobalSection
	GlobalSection(ProjectConfigurationPlatforms) = postSolution
		{EDBE5FC1-8C0B-4B12-A1BB-310EEB8E07A3}.Debug|Any CPU.ActiveCfg = Debug|Any CPU
		{EDBE5FC1-8C0B-4B12-A1BB-310EEB8E07A3}.Debug|Any CPU.Build.0 = Debug|Any CPU
		{EDBE5FC1-8C0B-4B12-A1BB-310EEB8E07A3}.Release|Any CPU.ActiveCfg = Release|Any CPU
		{EDBE5FC1-8C0B-4B12-A1BB-310EEB8E07A3}.Release|Any CPU.Build.0 = Release|Any CPU
	EndGlobalSection
	GlobalSection(SolutionProperties) = preSolution
		HideSolutionNode = FALSE
	EndGlobalSection
	GlobalSection(ExtensibilityGlobals) = postSolution
		SolutionGuid = {CEEFF007-EC51-40BE-A63B-F17400F0CD4B}
	EndGlobalSection
	GlobalSection(NestedProjects) = preSolution
		{EDBE5FC1-8C0B-4B12-A1BB-310EEB8E07A3} = {88C0F031-DE6D-4B2F-AC88-5B1850BC2DE3}
	EndGlobalSection
EndGlobal
